// !$*UTF8*$!
{
	archiveVersion = 1;
	classes = {
	};
	objectVersion = 56;
	objects = {

/* Begin PBXBuildFile section */
		99C5344B2A1A933500376767 /* AppDelegate.swift in Sources */ = {isa = PBXBuildFile; fileRef = 99C5344A2A1A933500376767 /* AppDelegate.swift */; };
		99C5344D2A1A933500376767 /* SceneDelegate.swift in Sources */ = {isa = PBXBuildFile; fileRef = 99C5344C2A1A933500376767 /* SceneDelegate.swift */; };
		99C5344F2A1A933500376767 /* CalculatorVC.swift in Sources */ = {isa = PBXBuildFile; fileRef = 99C5344E2A1A933500376767 /* CalculatorVC.swift */; };
		99C534542A1A933800376767 /* Assets.xcassets in Resources */ = {isa = PBXBuildFile; fileRef = 99C534532A1A933800376767 /* Assets.xcassets */; };
		99C534572A1A933800376767 /* LaunchScreen.storyboard in Resources */ = {isa = PBXBuildFile; fileRef = 99C534552A1A933800376767 /* LaunchScreen.storyboard */; };
		99C534622A1A933800376767 /* tip_calculatorTests.swift in Sources */ = {isa = PBXBuildFile; fileRef = 99C534612A1A933800376767 /* tip_calculatorTests.swift */; };
		99C5346C2A1A933800376767 /* tip_calculatorUITests.swift in Sources */ = {isa = PBXBuildFile; fileRef = 99C5346B2A1A933800376767 /* tip_calculatorUITests.swift */; };
		99C5346E2A1A933800376767 /* tip_calculatorUITestsLaunchTests.swift in Sources */ = {isa = PBXBuildFile; fileRef = 99C5346D2A1A933800376767 /* tip_calculatorUITestsLaunchTests.swift */; };
		99C5347C2A1A940A00376767 /* CombineCocoa in Frameworks */ = {isa = PBXBuildFile; productRef = 99C5347B2A1A940A00376767 /* CombineCocoa */; };
		99C5347F2A1A945400376767 /* SnapKit in Frameworks */ = {isa = PBXBuildFile; productRef = 99C5347E2A1A945400376767 /* SnapKit */; };
		99C534822A1A948A00376767 /* CombineCocoa in Frameworks */ = {isa = PBXBuildFile; productRef = 99C534812A1A948A00376767 /* CombineCocoa */; };
		99C534852A1A951F00376767 /* SnapshotTesting in Frameworks */ = {isa = PBXBuildFile; productRef = 99C534842A1A951F00376767 /* SnapshotTesting */; };
		99C534872A1A953000376767 /* CombineCocoa in Frameworks */ = {isa = PBXBuildFile; productRef = 99C534862A1A953000376767 /* CombineCocoa */; };
		99C5348A2A1A993400376767 /* LogoView.swift in Sources */ = {isa = PBXBuildFile; fileRef = 99C534892A1A993400376767 /* LogoView.swift */; };
		99C5348C2A1A9A5D00376767 /* ResultView.swift in Sources */ = {isa = PBXBuildFile; fileRef = 99C5348B2A1A9A5D00376767 /* ResultView.swift */; };
		99C5348E2A1A9A8200376767 /* BillInputView.swift in Sources */ = {isa = PBXBuildFile; fileRef = 99C5348D2A1A9A8200376767 /* BillInputView.swift */; };
		99C534902A1A9A9B00376767 /* TipInputView.swift in Sources */ = {isa = PBXBuildFile; fileRef = 99C5348F2A1A9A9B00376767 /* TipInputView.swift */; };
		99C534922A1A9AB800376767 /* SplitInputView.swift in Sources */ = {isa = PBXBuildFile; fileRef = 99C534912A1A9AB800376767 /* SplitInputView.swift */; };
		99C534952A1AA54D00376767 /* ThemeColor.swift in Sources */ = {isa = PBXBuildFile; fileRef = 99C534942A1AA54D00376767 /* ThemeColor.swift */; };
		99C534972A1AA56200376767 /* ThemeFont.swift in Sources */ = {isa = PBXBuildFile; fileRef = 99C534962A1AA56200376767 /* ThemeFont.swift */; };
		99C5349A2A1AA5EF00376767 /* UIColor+Ext.swift in Sources */ = {isa = PBXBuildFile; fileRef = 99C534992A1AA5EF00376767 /* UIColor+Ext.swift */; };
		99C5349D2A1AADA100376767 /* LabelFactory.swift in Sources */ = {isa = PBXBuildFile; fileRef = 99C5349C2A1AADA100376767 /* LabelFactory.swift */; };
		99C5349F2A1AB69900376767 /* UIView+Ext.swift in Sources */ = {isa = PBXBuildFile; fileRef = 99C5349E2A1AB69900376767 /* UIView+Ext.swift */; };
		99C534A12A1AC46C00376767 /* AmountView.swift in Sources */ = {isa = PBXBuildFile; fileRef = 99C534A02A1AC46C00376767 /* AmountView.swift */; };
/* End PBXBuildFile section */

/* Begin PBXContainerItemProxy section */
		99C5345E2A1A933800376767 /* PBXContainerItemProxy */ = {
			isa = PBXContainerItemProxy;
			containerPortal = 99C5343F2A1A933500376767 /* Project object */;
			proxyType = 1;
			remoteGlobalIDString = 99C534462A1A933500376767;
			remoteInfo = "tip-calculator";
		};
		99C534682A1A933800376767 /* PBXContainerItemProxy */ = {
			isa = PBXContainerItemProxy;
			containerPortal = 99C5343F2A1A933500376767 /* Project object */;
			proxyType = 1;
			remoteGlobalIDString = 99C534462A1A933500376767;
			remoteInfo = "tip-calculator";
		};
/* End PBXContainerItemProxy section */

/* Begin PBXFileReference section */
		99C534472A1A933500376767 /* tip-calculator.app */ = {isa = PBXFileReference; explicitFileType = wrapper.application; includeInIndex = 0; path = "tip-calculator.app"; sourceTree = BUILT_PRODUCTS_DIR; };
		99C5344A2A1A933500376767 /* AppDelegate.swift */ = {isa = PBXFileReference; lastKnownFileType = sourcecode.swift; path = AppDelegate.swift; sourceTree = "<group>"; };
		99C5344C2A1A933500376767 /* SceneDelegate.swift */ = {isa = PBXFileReference; lastKnownFileType = sourcecode.swift; path = SceneDelegate.swift; sourceTree = "<group>"; };
		99C5344E2A1A933500376767 /* CalculatorVC.swift */ = {isa = PBXFileReference; lastKnownFileType = sourcecode.swift; path = CalculatorVC.swift; sourceTree = "<group>"; };
		99C534532A1A933800376767 /* Assets.xcassets */ = {isa = PBXFileReference; lastKnownFileType = folder.assetcatalog; path = Assets.xcassets; sourceTree = "<group>"; };
		99C534562A1A933800376767 /* Base */ = {isa = PBXFileReference; lastKnownFileType = file.storyboard; name = Base; path = Base.lproj/LaunchScreen.storyboard; sourceTree = "<group>"; };
		99C534582A1A933800376767 /* Info.plist */ = {isa = PBXFileReference; lastKnownFileType = text.plist.xml; path = Info.plist; sourceTree = "<group>"; };
		99C5345D2A1A933800376767 /* tip-calculatorTests.xctest */ = {isa = PBXFileReference; explicitFileType = wrapper.cfbundle; includeInIndex = 0; path = "tip-calculatorTests.xctest"; sourceTree = BUILT_PRODUCTS_DIR; };
		99C534612A1A933800376767 /* tip_calculatorTests.swift */ = {isa = PBXFileReference; lastKnownFileType = sourcecode.swift; path = tip_calculatorTests.swift; sourceTree = "<group>"; };
		99C534672A1A933800376767 /* tip-calculatorUITests.xctest */ = {isa = PBXFileReference; explicitFileType = wrapper.cfbundle; includeInIndex = 0; path = "tip-calculatorUITests.xctest"; sourceTree = BUILT_PRODUCTS_DIR; };
		99C5346B2A1A933800376767 /* tip_calculatorUITests.swift */ = {isa = PBXFileReference; lastKnownFileType = sourcecode.swift; path = tip_calculatorUITests.swift; sourceTree = "<group>"; };
		99C5346D2A1A933800376767 /* tip_calculatorUITestsLaunchTests.swift */ = {isa = PBXFileReference; lastKnownFileType = sourcecode.swift; path = tip_calculatorUITestsLaunchTests.swift; sourceTree = "<group>"; };
		99C534892A1A993400376767 /* LogoView.swift */ = {isa = PBXFileReference; lastKnownFileType = sourcecode.swift; path = LogoView.swift; sourceTree = "<group>"; };
		99C5348B2A1A9A5D00376767 /* ResultView.swift */ = {isa = PBXFileReference; lastKnownFileType = sourcecode.swift; path = ResultView.swift; sourceTree = "<group>"; };
		99C5348D2A1A9A8200376767 /* BillInputView.swift */ = {isa = PBXFileReference; lastKnownFileType = sourcecode.swift; path = BillInputView.swift; sourceTree = "<group>"; };
		99C5348F2A1A9A9B00376767 /* TipInputView.swift */ = {isa = PBXFileReference; lastKnownFileType = sourcecode.swift; path = TipInputView.swift; sourceTree = "<group>"; };
		99C534912A1A9AB800376767 /* SplitInputView.swift */ = {isa = PBXFileReference; lastKnownFileType = sourcecode.swift; path = SplitInputView.swift; sourceTree = "<group>"; };
		99C534942A1AA54D00376767 /* ThemeColor.swift */ = {isa = PBXFileReference; lastKnownFileType = sourcecode.swift; path = ThemeColor.swift; sourceTree = "<group>"; };
		99C534962A1AA56200376767 /* ThemeFont.swift */ = {isa = PBXFileReference; lastKnownFileType = sourcecode.swift; path = ThemeFont.swift; sourceTree = "<group>"; };
		99C534992A1AA5EF00376767 /* UIColor+Ext.swift */ = {isa = PBXFileReference; lastKnownFileType = sourcecode.swift; path = "UIColor+Ext.swift"; sourceTree = "<group>"; };
		99C5349C2A1AADA100376767 /* LabelFactory.swift */ = {isa = PBXFileReference; lastKnownFileType = sourcecode.swift; path = LabelFactory.swift; sourceTree = "<group>"; };
		99C5349E2A1AB69900376767 /* UIView+Ext.swift */ = {isa = PBXFileReference; lastKnownFileType = sourcecode.swift; path = "UIView+Ext.swift"; sourceTree = "<group>"; };
		99C534A02A1AC46C00376767 /* AmountView.swift */ = {isa = PBXFileReference; lastKnownFileType = sourcecode.swift; path = AmountView.swift; sourceTree = "<group>"; };
/* End PBXFileReference section */

/* Begin PBXFrameworksBuildPhase section */
		99C534442A1A933500376767 /* Frameworks */ = {
			isa = PBXFrameworksBuildPhase;
			buildActionMask = 2147483647;
			files = (
				99C5347C2A1A940A00376767 /* CombineCocoa in Frameworks */,
				99C5347F2A1A945400376767 /* SnapKit in Frameworks */,
			);
			runOnlyForDeploymentPostprocessing = 0;
		};
		99C5345A2A1A933800376767 /* Frameworks */ = {
			isa = PBXFrameworksBuildPhase;
			buildActionMask = 2147483647;
			files = (
				99C534822A1A948A00376767 /* CombineCocoa in Frameworks */,
				99C534852A1A951F00376767 /* SnapshotTesting in Frameworks */,
			);
			runOnlyForDeploymentPostprocessing = 0;
		};
		99C534642A1A933800376767 /* Frameworks */ = {
			isa = PBXFrameworksBuildPhase;
			buildActionMask = 2147483647;
			files = (
				99C534872A1A953000376767 /* CombineCocoa in Frameworks */,
			);
			runOnlyForDeploymentPostprocessing = 0;
		};
/* End PBXFrameworksBuildPhase section */

/* Begin PBXGroup section */
		99C5343E2A1A933500376767 = {
			isa = PBXGroup;
			children = (
				99C534492A1A933500376767 /* tip-calculator */,
				99C534602A1A933800376767 /* tip-calculatorTests */,
				99C5346A2A1A933800376767 /* tip-calculatorUITests */,
				99C534482A1A933500376767 /* Products */,
				99C534802A1A948A00376767 /* Frameworks */,
			);
			sourceTree = "<group>";
		};
		99C534482A1A933500376767 /* Products */ = {
			isa = PBXGroup;
			children = (
				99C534472A1A933500376767 /* tip-calculator.app */,
				99C5345D2A1A933800376767 /* tip-calculatorTests.xctest */,
				99C534672A1A933800376767 /* tip-calculatorUITests.xctest */,
			);
			name = Products;
			sourceTree = "<group>";
		};
		99C534492A1A933500376767 /* tip-calculator */ = {
			isa = PBXGroup;
			children = (
				99C5349B2A1AAD8400376767 /* Factory */,
				99C534982A1AA5A300376767 /* Extensions */,
				99C534932A1AA51E00376767 /* Config */,
				99C534882A1A991500376767 /* Views */,
				99C5344A2A1A933500376767 /* AppDelegate.swift */,
				99C5344C2A1A933500376767 /* SceneDelegate.swift */,
				99C5344E2A1A933500376767 /* CalculatorVC.swift */,
				99C534532A1A933800376767 /* Assets.xcassets */,
				99C534552A1A933800376767 /* LaunchScreen.storyboard */,
				99C534582A1A933800376767 /* Info.plist */,
			);
			path = "tip-calculator";
			sourceTree = "<group>";
		};
		99C534602A1A933800376767 /* tip-calculatorTests */ = {
			isa = PBXGroup;
			children = (
				99C534612A1A933800376767 /* tip_calculatorTests.swift */,
			);
			path = "tip-calculatorTests";
			sourceTree = "<group>";
		};
		99C5346A2A1A933800376767 /* tip-calculatorUITests */ = {
			isa = PBXGroup;
			children = (
				99C5346B2A1A933800376767 /* tip_calculatorUITests.swift */,
				99C5346D2A1A933800376767 /* tip_calculatorUITestsLaunchTests.swift */,
			);
			path = "tip-calculatorUITests";
			sourceTree = "<group>";
		};
		99C534802A1A948A00376767 /* Frameworks */ = {
			isa = PBXGroup;
			children = (
			);
			name = Frameworks;
			sourceTree = "<group>";
		};
		99C534882A1A991500376767 /* Views */ = {
			isa = PBXGroup;
			children = (
				99C534892A1A993400376767 /* LogoView.swift */,
				99C5348B2A1A9A5D00376767 /* ResultView.swift */,
				99C5348D2A1A9A8200376767 /* BillInputView.swift */,
				99C5348F2A1A9A9B00376767 /* TipInputView.swift */,
				99C534912A1A9AB800376767 /* SplitInputView.swift */,
				99C534A02A1AC46C00376767 /* AmountView.swift */,
			);
			path = Views;
			sourceTree = "<group>";
		};
		99C534932A1AA51E00376767 /* Config */ = {
			isa = PBXGroup;
			children = (
				99C534942A1AA54D00376767 /* ThemeColor.swift */,
				99C534962A1AA56200376767 /* ThemeFont.swift */,
			);
			path = Config;
			sourceTree = "<group>";
		};
		99C534982A1AA5A300376767 /* Extensions */ = {
			isa = PBXGroup;
			children = (
				99C534992A1AA5EF00376767 /* UIColor+Ext.swift */,
				99C5349E2A1AB69900376767 /* UIView+Ext.swift */,
			);
			path = Extensions;
			sourceTree = "<group>";
		};
		99C5349B2A1AAD8400376767 /* Factory */ = {
			isa = PBXGroup;
			children = (
				99C5349C2A1AADA100376767 /* LabelFactory.swift */,
			);
			path = Factory;
			sourceTree = "<group>";
		};
/* End PBXGroup section */

/* Begin PBXNativeTarget section */
		99C534462A1A933500376767 /* tip-calculator */ = {
			isa = PBXNativeTarget;
			buildConfigurationList = 99C534712A1A933800376767 /* Build configuration list for PBXNativeTarget "tip-calculator" */;
			buildPhases = (
				99C534432A1A933500376767 /* Sources */,
				99C534442A1A933500376767 /* Frameworks */,
				99C534452A1A933500376767 /* Resources */,
			);
			buildRules = (
			);
			dependencies = (
			);
			name = "tip-calculator";
			packageProductDependencies = (
				99C5347B2A1A940A00376767 /* CombineCocoa */,
				99C5347E2A1A945400376767 /* SnapKit */,
			);
			productName = "tip-calculator";
			productReference = 99C534472A1A933500376767 /* tip-calculator.app */;
			productType = "com.apple.product-type.application";
		};
		99C5345C2A1A933800376767 /* tip-calculatorTests */ = {
			isa = PBXNativeTarget;
			buildConfigurationList = 99C534742A1A933800376767 /* Build configuration list for PBXNativeTarget "tip-calculatorTests" */;
			buildPhases = (
				99C534592A1A933800376767 /* Sources */,
				99C5345A2A1A933800376767 /* Frameworks */,
				99C5345B2A1A933800376767 /* Resources */,
			);
			buildRules = (
			);
			dependencies = (
				99C5345F2A1A933800376767 /* PBXTargetDependency */,
			);
			name = "tip-calculatorTests";
			packageProductDependencies = (
				99C534812A1A948A00376767 /* CombineCocoa */,
				99C534842A1A951F00376767 /* SnapshotTesting */,
			);
			productName = "tip-calculatorTests";
			productReference = 99C5345D2A1A933800376767 /* tip-calculatorTests.xctest */;
			productType = "com.apple.product-type.bundle.unit-test";
		};
		99C534662A1A933800376767 /* tip-calculatorUITests */ = {
			isa = PBXNativeTarget;
			buildConfigurationList = 99C534772A1A933800376767 /* Build configuration list for PBXNativeTarget "tip-calculatorUITests" */;
			buildPhases = (
				99C534632A1A933800376767 /* Sources */,
				99C534642A1A933800376767 /* Frameworks */,
				99C534652A1A933800376767 /* Resources */,
			);
			buildRules = (
			);
			dependencies = (
				99C534692A1A933800376767 /* PBXTargetDependency */,
			);
			name = "tip-calculatorUITests";
			packageProductDependencies = (
				99C534862A1A953000376767 /* CombineCocoa */,
			);
			productName = "tip-calculatorUITests";
			productReference = 99C534672A1A933800376767 /* tip-calculatorUITests.xctest */;
			productType = "com.apple.product-type.bundle.ui-testing";
		};
/* End PBXNativeTarget section */

/* Begin PBXProject section */
		99C5343F2A1A933500376767 /* Project object */ = {
			isa = PBXProject;
			attributes = {
				BuildIndependentTargetsInParallel = 1;
				LastSwiftUpdateCheck = 1430;
				LastUpgradeCheck = 1430;
				TargetAttributes = {
					99C534462A1A933500376767 = {
						CreatedOnToolsVersion = 14.3;
					};
					99C5345C2A1A933800376767 = {
						CreatedOnToolsVersion = 14.3;
						TestTargetID = 99C534462A1A933500376767;
					};
					99C534662A1A933800376767 = {
						CreatedOnToolsVersion = 14.3;
						TestTargetID = 99C534462A1A933500376767;
					};
				};
			};
			buildConfigurationList = 99C534422A1A933500376767 /* Build configuration list for PBXProject "tip-calculator" */;
			compatibilityVersion = "Xcode 14.0";
			developmentRegion = en;
			hasScannedForEncodings = 0;
			knownRegions = (
				en,
				Base,
			);
			mainGroup = 99C5343E2A1A933500376767;
			packageReferences = (
				99C5347A2A1A940A00376767 /* XCRemoteSwiftPackageReference "CombineCocoa" */,
				99C5347D2A1A945400376767 /* XCRemoteSwiftPackageReference "SnapKit" */,
				99C534832A1A951F00376767 /* XCRemoteSwiftPackageReference "swift-snapshot-testing" */,
			);
			productRefGroup = 99C534482A1A933500376767 /* Products */;
			projectDirPath = "";
			projectRoot = "";
			targets = (
				99C534462A1A933500376767 /* tip-calculator */,
				99C5345C2A1A933800376767 /* tip-calculatorTests */,
				99C534662A1A933800376767 /* tip-calculatorUITests */,
			);
		};
/* End PBXProject section */

/* Begin PBXResourcesBuildPhase section */
		99C534452A1A933500376767 /* Resources */ = {
			isa = PBXResourcesBuildPhase;
			buildActionMask = 2147483647;
			files = (
				99C534572A1A933800376767 /* LaunchScreen.storyboard in Resources */,
				99C534542A1A933800376767 /* Assets.xcassets in Resources */,
			);
			runOnlyForDeploymentPostprocessing = 0;
		};
		99C5345B2A1A933800376767 /* Resources */ = {
			isa = PBXResourcesBuildPhase;
			buildActionMask = 2147483647;
			files = (
			);
			runOnlyForDeploymentPostprocessing = 0;
		};
		99C534652A1A933800376767 /* Resources */ = {
			isa = PBXResourcesBuildPhase;
			buildActionMask = 2147483647;
			files = (
			);
			runOnlyForDeploymentPostprocessing = 0;
		};
/* End PBXResourcesBuildPhase section */

/* Begin PBXSourcesBuildPhase section */
		99C534432A1A933500376767 /* Sources */ = {
			isa = PBXSourcesBuildPhase;
			buildActionMask = 2147483647;
			files = (
				99C534A12A1AC46C00376767 /* AmountView.swift in Sources */,
				99C5344F2A1A933500376767 /* CalculatorVC.swift in Sources */,
				99C5348A2A1A993400376767 /* LogoView.swift in Sources */,
				99C534952A1AA54D00376767 /* ThemeColor.swift in Sources */,
				99C5348E2A1A9A8200376767 /* BillInputView.swift in Sources */,
				99C5349A2A1AA5EF00376767 /* UIColor+Ext.swift in Sources */,
				99C5348C2A1A9A5D00376767 /* ResultView.swift in Sources */,
				99C5344B2A1A933500376767 /* AppDelegate.swift in Sources */,
				99C534972A1AA56200376767 /* ThemeFont.swift in Sources */,
				99C5344D2A1A933500376767 /* SceneDelegate.swift in Sources */,
				99C5349D2A1AADA100376767 /* LabelFactory.swift in Sources */,
				99C5349F2A1AB69900376767 /* UIView+Ext.swift in Sources */,
				99C534922A1A9AB800376767 /* SplitInputView.swift in Sources */,
				99C534902A1A9A9B00376767 /* TipInputView.swift in Sources */,
			);
			runOnlyForDeploymentPostprocessing = 0;
		};
		99C534592A1A933800376767 /* Sources */ = {
			isa = PBXSourcesBuildPhase;
			buildActionMask = 2147483647;
			files = (
				99C534622A1A933800376767 /* tip_calculatorTests.swift in Sources */,
			);
			runOnlyForDeploymentPostprocessing = 0;
		};
		99C534632A1A933800376767 /* Sources */ = {
			isa = PBXSourcesBuildPhase;
			buildActionMask = 2147483647;
			files = (
				99C5346E2A1A933800376767 /* tip_calculatorUITestsLaunchTests.swift in Sources */,
				99C5346C2A1A933800376767 /* tip_calculatorUITests.swift in Sources */,
			);
			runOnlyForDeploymentPostprocessing = 0;
		};
/* End PBXSourcesBuildPhase section */

/* Begin PBXTargetDependency section */
		99C5345F2A1A933800376767 /* PBXTargetDependency */ = {
			isa = PBXTargetDependency;
			target = 99C534462A1A933500376767 /* tip-calculator */;
			targetProxy = 99C5345E2A1A933800376767 /* PBXContainerItemProxy */;
		};
		99C534692A1A933800376767 /* PBXTargetDependency */ = {
			isa = PBXTargetDependency;
			target = 99C534462A1A933500376767 /* tip-calculator */;
			targetProxy = 99C534682A1A933800376767 /* PBXContainerItemProxy */;
		};
/* End PBXTargetDependency section */

/* Begin PBXVariantGroup section */
		99C534552A1A933800376767 /* LaunchScreen.storyboard */ = {
			isa = PBXVariantGroup;
			children = (
				99C534562A1A933800376767 /* Base */,
			);
			name = LaunchScreen.storyboard;
			sourceTree = "<group>";
		};
/* End PBXVariantGroup section */

/* Begin XCBuildConfiguration section */
		99C5346F2A1A933800376767 /* Debug */ = {
			isa = XCBuildConfiguration;
			buildSettings = {
				ALWAYS_SEARCH_USER_PATHS = NO;
				CLANG_ANALYZER_NONNULL = YES;
				CLANG_ANALYZER_NUMBER_OBJECT_CONVERSION = YES_AGGRESSIVE;
				CLANG_CXX_LANGUAGE_STANDARD = "gnu++20";
				CLANG_ENABLE_MODULES = YES;
				CLANG_ENABLE_OBJC_ARC = YES;
				CLANG_ENABLE_OBJC_WEAK = YES;
				CLANG_WARN_BLOCK_CAPTURE_AUTORELEASING = YES;
				CLANG_WARN_BOOL_CONVERSION = YES;
				CLANG_WARN_COMMA = YES;
				CLANG_WARN_CONSTANT_CONVERSION = YES;
				CLANG_WARN_DEPRECATED_OBJC_IMPLEMENTATIONS = YES;
				CLANG_WARN_DIRECT_OBJC_ISA_USAGE = YES_ERROR;
				CLANG_WARN_DOCUMENTATION_COMMENTS = YES;
				CLANG_WARN_EMPTY_BODY = YES;
				CLANG_WARN_ENUM_CONVERSION = YES;
				CLANG_WARN_INFINITE_RECURSION = YES;
				CLANG_WARN_INT_CONVERSION = YES;
				CLANG_WARN_NON_LITERAL_NULL_CONVERSION = YES;
				CLANG_WARN_OBJC_IMPLICIT_RETAIN_SELF = YES;
				CLANG_WARN_OBJC_LITERAL_CONVERSION = YES;
				CLANG_WARN_OBJC_ROOT_CLASS = YES_ERROR;
				CLANG_WARN_QUOTED_INCLUDE_IN_FRAMEWORK_HEADER = YES;
				CLANG_WARN_RANGE_LOOP_ANALYSIS = YES;
				CLANG_WARN_STRICT_PROTOTYPES = YES;
				CLANG_WARN_SUSPICIOUS_MOVE = YES;
				CLANG_WARN_UNGUARDED_AVAILABILITY = YES_AGGRESSIVE;
				CLANG_WARN_UNREACHABLE_CODE = YES;
				CLANG_WARN__DUPLICATE_METHOD_MATCH = YES;
				COPY_PHASE_STRIP = NO;
				DEBUG_INFORMATION_FORMAT = dwarf;
				ENABLE_STRICT_OBJC_MSGSEND = YES;
				ENABLE_TESTABILITY = YES;
				GCC_C_LANGUAGE_STANDARD = gnu11;
				GCC_DYNAMIC_NO_PIC = NO;
				GCC_NO_COMMON_BLOCKS = YES;
				GCC_OPTIMIZATION_LEVEL = 0;
				GCC_PREPROCESSOR_DEFINITIONS = (
					"DEBUG=1",
					"$(inherited)",
				);
				GCC_WARN_64_TO_32_BIT_CONVERSION = YES;
				GCC_WARN_ABOUT_RETURN_TYPE = YES_ERROR;
				GCC_WARN_UNDECLARED_SELECTOR = YES;
				GCC_WARN_UNINITIALIZED_AUTOS = YES_AGGRESSIVE;
				GCC_WARN_UNUSED_FUNCTION = YES;
				GCC_WARN_UNUSED_VARIABLE = YES;
				IPHONEOS_DEPLOYMENT_TARGET = 16.4;
				MTL_ENABLE_DEBUG_INFO = INCLUDE_SOURCE;
				MTL_FAST_MATH = YES;
				ONLY_ACTIVE_ARCH = YES;
				SDKROOT = iphoneos;
				SWIFT_ACTIVE_COMPILATION_CONDITIONS = DEBUG;
				SWIFT_OPTIMIZATION_LEVEL = "-Onone";
			};
			name = Debug;
		};
		99C534702A1A933800376767 /* Release */ = {
			isa = XCBuildConfiguration;
			buildSettings = {
				ALWAYS_SEARCH_USER_PATHS = NO;
				CLANG_ANALYZER_NONNULL = YES;
				CLANG_ANALYZER_NUMBER_OBJECT_CONVERSION = YES_AGGRESSIVE;
				CLANG_CXX_LANGUAGE_STANDARD = "gnu++20";
				CLANG_ENABLE_MODULES = YES;
				CLANG_ENABLE_OBJC_ARC = YES;
				CLANG_ENABLE_OBJC_WEAK = YES;
				CLANG_WARN_BLOCK_CAPTURE_AUTORELEASING = YES;
				CLANG_WARN_BOOL_CONVERSION = YES;
				CLANG_WARN_COMMA = YES;
				CLANG_WARN_CONSTANT_CONVERSION = YES;
				CLANG_WARN_DEPRECATED_OBJC_IMPLEMENTATIONS = YES;
				CLANG_WARN_DIRECT_OBJC_ISA_USAGE = YES_ERROR;
				CLANG_WARN_DOCUMENTATION_COMMENTS = YES;
				CLANG_WARN_EMPTY_BODY = YES;
				CLANG_WARN_ENUM_CONVERSION = YES;
				CLANG_WARN_INFINITE_RECURSION = YES;
				CLANG_WARN_INT_CONVERSION = YES;
				CLANG_WARN_NON_LITERAL_NULL_CONVERSION = YES;
				CLANG_WARN_OBJC_IMPLICIT_RETAIN_SELF = YES;
				CLANG_WARN_OBJC_LITERAL_CONVERSION = YES;
				CLANG_WARN_OBJC_ROOT_CLASS = YES_ERROR;
				CLANG_WARN_QUOTED_INCLUDE_IN_FRAMEWORK_HEADER = YES;
				CLANG_WARN_RANGE_LOOP_ANALYSIS = YES;
				CLANG_WARN_STRICT_PROTOTYPES = YES;
				CLANG_WARN_SUSPICIOUS_MOVE = YES;
				CLANG_WARN_UNGUARDED_AVAILABILITY = YES_AGGRESSIVE;
				CLANG_WARN_UNREACHABLE_CODE = YES;
				CLANG_WARN__DUPLICATE_METHOD_MATCH = YES;
				COPY_PHASE_STRIP = NO;
				DEBUG_INFORMATION_FORMAT = "dwarf-with-dsym";
				ENABLE_NS_ASSERTIONS = NO;
				ENABLE_STRICT_OBJC_MSGSEND = YES;
				GCC_C_LANGUAGE_STANDARD = gnu11;
				GCC_NO_COMMON_BLOCKS = YES;
				GCC_WARN_64_TO_32_BIT_CONVERSION = YES;
				GCC_WARN_ABOUT_RETURN_TYPE = YES_ERROR;
				GCC_WARN_UNDECLARED_SELECTOR = YES;
				GCC_WARN_UNINITIALIZED_AUTOS = YES_AGGRESSIVE;
				GCC_WARN_UNUSED_FUNCTION = YES;
				GCC_WARN_UNUSED_VARIABLE = YES;
				IPHONEOS_DEPLOYMENT_TARGET = 16.4;
				MTL_ENABLE_DEBUG_INFO = NO;
				MTL_FAST_MATH = YES;
				SDKROOT = iphoneos;
				SWIFT_COMPILATION_MODE = wholemodule;
				SWIFT_OPTIMIZATION_LEVEL = "-O";
				VALIDATE_PRODUCT = YES;
			};
			name = Release;
		};
		99C534722A1A933800376767 /* Debug */ = {
			isa = XCBuildConfiguration;
			buildSettings = {
				ASSETCATALOG_COMPILER_APPICON_NAME = AppIcon;
				ASSETCATALOG_COMPILER_GLOBAL_ACCENT_COLOR_NAME = AccentColor;
				CODE_SIGN_STYLE = Automatic;
				CURRENT_PROJECT_VERSION = 1;
				DEVELOPMENT_TEAM = VNY43MD7YT;
				GENERATE_INFOPLIST_FILE = YES;
				INFOPLIST_FILE = "tip-calculator/Info.plist";
				INFOPLIST_KEY_UIApplicationSupportsIndirectInputEvents = YES;
				INFOPLIST_KEY_UILaunchStoryboardName = LaunchScreen;
				INFOPLIST_KEY_UISupportedInterfaceOrientations_iPad = "UIInterfaceOrientationPortrait UIInterfaceOrientationPortraitUpsideDown UIInterfaceOrientationLandscapeLeft UIInterfaceOrientationLandscapeRight";
				INFOPLIST_KEY_UISupportedInterfaceOrientations_iPhone = "UIInterfaceOrientationPortrait UIInterfaceOrientationLandscapeLeft UIInterfaceOrientationLandscapeRight";
				LD_RUNPATH_SEARCH_PATHS = (
					"$(inherited)",
					"@executable_path/Frameworks",
				);
				MARKETING_VERSION = 1.0;
				PRODUCT_BUNDLE_IDENTIFIER = "com.ecodes.tip-calculator";
				PRODUCT_NAME = "$(TARGET_NAME)";
				SWIFT_EMIT_LOC_STRINGS = YES;
				SWIFT_VERSION = 5.0;
				TARGETED_DEVICE_FAMILY = "1,2";
			};
			name = Debug;
		};
		99C534732A1A933800376767 /* Release */ = {
			isa = XCBuildConfiguration;
			buildSettings = {
				ASSETCATALOG_COMPILER_APPICON_NAME = AppIcon;
				ASSETCATALOG_COMPILER_GLOBAL_ACCENT_COLOR_NAME = AccentColor;
				CODE_SIGN_STYLE = Automatic;
				CURRENT_PROJECT_VERSION = 1;
				DEVELOPMENT_TEAM = VNY43MD7YT;
				GENERATE_INFOPLIST_FILE = YES;
				INFOPLIST_FILE = "tip-calculator/Info.plist";
				INFOPLIST_KEY_UIApplicationSupportsIndirectInputEvents = YES;
				INFOPLIST_KEY_UILaunchStoryboardName = LaunchScreen;
				INFOPLIST_KEY_UISupportedInterfaceOrientations_iPad = "UIInterfaceOrientationPortrait UIInterfaceOrientationPortraitUpsideDown UIInterfaceOrientationLandscapeLeft UIInterfaceOrientationLandscapeRight";
				INFOPLIST_KEY_UISupportedInterfaceOrientations_iPhone = "UIInterfaceOrientationPortrait UIInterfaceOrientationLandscapeLeft UIInterfaceOrientationLandscapeRight";
				LD_RUNPATH_SEARCH_PATHS = (
					"$(inherited)",
					"@executable_path/Frameworks",
				);
				MARKETING_VERSION = 1.0;
				PRODUCT_BUNDLE_IDENTIFIER = "com.ecodes.tip-calculator";
				PRODUCT_NAME = "$(TARGET_NAME)";
				SWIFT_EMIT_LOC_STRINGS = YES;
				SWIFT_VERSION = 5.0;
				TARGETED_DEVICE_FAMILY = "1,2";
			};
			name = Release;
		};
		99C534752A1A933800376767 /* Debug */ = {
			isa = XCBuildConfiguration;
			buildSettings = {
				ALWAYS_EMBED_SWIFT_STANDARD_LIBRARIES = YES;
				BUNDLE_LOADER = "$(TEST_HOST)";
				CODE_SIGN_STYLE = Automatic;
				CURRENT_PROJECT_VERSION = 1;
				DEVELOPMENT_TEAM = VNY43MD7YT;
				GENERATE_INFOPLIST_FILE = YES;
				IPHONEOS_DEPLOYMENT_TARGET = 16.4;
				MARKETING_VERSION = 1.0;
				PRODUCT_BUNDLE_IDENTIFIER = "com.ecodes.tip-calculatorTests";
				PRODUCT_NAME = "$(TARGET_NAME)";
				SWIFT_EMIT_LOC_STRINGS = NO;
				SWIFT_VERSION = 5.0;
				TARGETED_DEVICE_FAMILY = "1,2";
				TEST_HOST = "$(BUILT_PRODUCTS_DIR)/tip-calculator.app/$(BUNDLE_EXECUTABLE_FOLDER_PATH)/tip-calculator";
			};
			name = Debug;
		};
		99C534762A1A933800376767 /* Release */ = {
			isa = XCBuildConfiguration;
			buildSettings = {
				ALWAYS_EMBED_SWIFT_STANDARD_LIBRARIES = YES;
				BUNDLE_LOADER = "$(TEST_HOST)";
				CODE_SIGN_STYLE = Automatic;
				CURRENT_PROJECT_VERSION = 1;
				DEVELOPMENT_TEAM = VNY43MD7YT;
				GENERATE_INFOPLIST_FILE = YES;
				IPHONEOS_DEPLOYMENT_TARGET = 16.4;
				MARKETING_VERSION = 1.0;
				PRODUCT_BUNDLE_IDENTIFIER = "com.ecodes.tip-calculatorTests";
				PRODUCT_NAME = "$(TARGET_NAME)";
				SWIFT_EMIT_LOC_STRINGS = NO;
				SWIFT_VERSION = 5.0;
				TARGETED_DEVICE_FAMILY = "1,2";
				TEST_HOST = "$(BUILT_PRODUCTS_DIR)/tip-calculator.app/$(BUNDLE_EXECUTABLE_FOLDER_PATH)/tip-calculator";
			};
			name = Release;
		};
		99C534782A1A933800376767 /* Debug */ = {
			isa = XCBuildConfiguration;
			buildSettings = {
				ALWAYS_EMBED_SWIFT_STANDARD_LIBRARIES = YES;
				CODE_SIGN_STYLE = Automatic;
				CURRENT_PROJECT_VERSION = 1;
				DEVELOPMENT_TEAM = VNY43MD7YT;
				GENERATE_INFOPLIST_FILE = YES;
				MARKETING_VERSION = 1.0;
				PRODUCT_BUNDLE_IDENTIFIER = "com.ecodes.tip-calculatorUITests";
				PRODUCT_NAME = "$(TARGET_NAME)";
				SWIFT_EMIT_LOC_STRINGS = NO;
				SWIFT_VERSION = 5.0;
				TARGETED_DEVICE_FAMILY = "1,2";
				TEST_TARGET_NAME = "tip-calculator";
			};
			name = Debug;
		};
		99C534792A1A933800376767 /* Release */ = {
			isa = XCBuildConfiguration;
			buildSettings = {
				ALWAYS_EMBED_SWIFT_STANDARD_LIBRARIES = YES;
				CODE_SIGN_STYLE = Automatic;
				CURRENT_PROJECT_VERSION = 1;
				DEVELOPMENT_TEAM = VNY43MD7YT;
				GENERATE_INFOPLIST_FILE = YES;
				MARKETING_VERSION = 1.0;
				PRODUCT_BUNDLE_IDENTIFIER = "com.ecodes.tip-calculatorUITests";
				PRODUCT_NAME = "$(TARGET_NAME)";
				SWIFT_EMIT_LOC_STRINGS = NO;
				SWIFT_VERSION = 5.0;
				TARGETED_DEVICE_FAMILY = "1,2";
				TEST_TARGET_NAME = "tip-calculator";
			};
			name = Release;
		};
/* End XCBuildConfiguration section */

/* Begin XCConfigurationList section */
		99C534422A1A933500376767 /* Build configuration list for PBXProject "tip-calculator" */ = {
			isa = XCConfigurationList;
			buildConfigurations = (
				99C5346F2A1A933800376767 /* Debug */,
				99C534702A1A933800376767 /* Release */,
			);
			defaultConfigurationIsVisible = 0;
			defaultConfigurationName = Release;
		};
		99C534712A1A933800376767 /* Build configuration list for PBXNativeTarget "tip-calculator" */ = {
			isa = XCConfigurationList;
			buildConfigurations = (
				99C534722A1A933800376767 /* Debug */,
				99C534732A1A933800376767 /* Release */,
			);
			defaultConfigurationIsVisible = 0;
			defaultConfigurationName = Release;
		};
		99C534742A1A933800376767 /* Build configuration list for PBXNativeTarget "tip-calculatorTests" */ = {
			isa = XCConfigurationList;
			buildConfigurations = (
				99C534752A1A933800376767 /* Debug */,
				99C534762A1A933800376767 /* Release */,
			);
			defaultConfigurationIsVisible = 0;
			defaultConfigurationName = Release;
		};
		99C534772A1A933800376767 /* Build configuration list for PBXNativeTarget "tip-calculatorUITests" */ = {
			isa = XCConfigurationList;
			buildConfigurations = (
				99C534782A1A933800376767 /* Debug */,
				99C534792A1A933800376767 /* Release */,
			);
			defaultConfigurationIsVisible = 0;
			defaultConfigurationName = Release;
		};
/* End XCConfigurationList section */

/* Begin XCRemoteSwiftPackageReference section */
		99C5347A2A1A940A00376767 /* XCRemoteSwiftPackageReference "CombineCocoa" */ = {
			isa = XCRemoteSwiftPackageReference;
			repositoryURL = "https://github.com/CombineCommunity/CombineCocoa";
			requirement = {
				kind = upToNextMinorVersion;
				minimumVersion = 0.4.1;
			};
		};
		99C5347D2A1A945400376767 /* XCRemoteSwiftPackageReference "SnapKit" */ = {
			isa = XCRemoteSwiftPackageReference;
			repositoryURL = "https://github.com/SnapKit/SnapKit";
			requirement = {
				kind = upToNextMinorVersion;
				minimumVersion = 5.6.0;
			};
		};
		99C534832A1A951F00376767 /* XCRemoteSwiftPackageReference "swift-snapshot-testing" */ = {
			isa = XCRemoteSwiftPackageReference;
			repositoryURL = "https://github.com/pointfreeco/swift-snapshot-testing";
			requirement = {
				kind = upToNextMinorVersion;
				minimumVersion = 1.11.0;
			};
		};
/* End XCRemoteSwiftPackageReference section */

/* Begin XCSwiftPackageProductDependency section */
		99C5347B2A1A940A00376767 /* CombineCocoa */ = {
			isa = XCSwiftPackageProductDependency;
			package = 99C5347A2A1A940A00376767 /* XCRemoteSwiftPackageReference "CombineCocoa" */;
			productName = CombineCocoa;
		};
		99C5347E2A1A945400376767 /* SnapKit */ = {
			isa = XCSwiftPackageProductDependency;
			package = 99C5347D2A1A945400376767 /* XCRemoteSwiftPackageReference "SnapKit" */;
			productName = SnapKit;
		};
		99C534812A1A948A00376767 /* CombineCocoa */ = {
			isa = XCSwiftPackageProductDependency;
			package = 99C5347A2A1A940A00376767 /* XCRemoteSwiftPackageReference "CombineCocoa" */;
			productName = CombineCocoa;
		};
		99C534842A1A951F00376767 /* SnapshotTesting */ = {
			isa = XCSwiftPackageProductDependency;
			package = 99C534832A1A951F00376767 /* XCRemoteSwiftPackageReference "swift-snapshot-testing" */;
			productName = SnapshotTesting;
		};
		99C534862A1A953000376767 /* CombineCocoa */ = {
			isa = XCSwiftPackageProductDependency;
			package = 99C5347A2A1A940A00376767 /* XCRemoteSwiftPackageReference "CombineCocoa" */;
			productName = CombineCocoa;
		};
/* End XCSwiftPackageProductDependency section */
	};
	rootObject = 99C5343F2A1A933500376767 /* Project object */;
}
